
Microsoft Visual Studio Solution File, Format Version 12.00
# Visual Studio Version 17
VisualStudioVersion = 17.2.32602.215
MinimumVisualStudioVersion = 10.0.40219.1
Project("{FAE04EC0-301F-11D3-BF4B-00C04F79EFBC}") = "Lab1302", "Lab1302\Lab1302.csproj", "{B9B9024E-6CF1-409F-9EC9-1B7AB46E7A29}"
EndProject
Global
	GlobalSection(SolutionConfigurationPlatforms) = preSolution
		Debug|Any CPU = Debug|Any CPU
		Release|Any CPU = Release|Any CPU
	EndGlobalSection
	GlobalSection(ProjectConfigurationPlatforms) = postSolution
		{B9B9024E-6CF1-409F-9EC9-1B7AB46E7A29}.Debug|Any CPU.ActiveCfg = Debug|Any CPU
		{B9B9024E-6CF1-409F-9EC9-1B7AB46E7A29}.Debug|Any CPU.Build.0 = Debug|Any CPU
		{B9B9024E-6CF1-409F-9EC9-1B7AB46E7A29}.Release|Any CPU.ActiveCfg = Release|Any CPU
		{B9B9024E-6CF1-409F-9EC9-1B7AB46E7A29}.Release|Any CPU.Build.0 = Release|Any CPU
	EndGlobalSection
	GlobalSection(SolutionProperties) = preSolution
		HideSolutionNode = FALSE
	EndGlobalSection
	GlobalSection(ExtensibilityGlobals) = postSolution
		SolutionGuid = {2AE53E61-B9C3-423B-9F25-2EF787BC85D2}
	EndGlobalSection
EndGlobal
